{
  "pins" : [
    {
      "identity" : "ordereddictionary",
      "kind" : "remoteSourceControl",
      "location" : "https://github.com/lukaskubanek/OrderedDictionary.git",
      "state" : {
        "branch" : "master",
        "revision" : "06fd5ea31a9888769b3bae03e4d134da1cf69c50"
      }
    },
    {
      "identity" : "sqlite.swift",
      "kind" : "remoteSourceControl",
      "location" : "https://github.com/stephencelis/SQLite.swift.git",
      "state" : {
        "revision" : "e78ae0220e17525a15ac68c697a155eb7a672a8e",
        "version" : "0.15.0"
      }
    }
  ],
  "version" : 2
}
